
Microsoft Visual Studio Solution File, Format Version 12.00
# Visual Studio 15
VisualStudioVersion = 15.0.28307.645
MinimumVisualStudioVersion = 10.0.40219.1
Project("{FAE04EC0-301F-11D3-BF4B-00C04F79EFBC}") = "ConcurrencyDemo", "DeadlockDemo\ConcurrencyDemo.csproj", "{6A88C61F-5F1B-420A-BA5D-DBC38F652743}"
EndProject
Global
	GlobalSection(SolutionConfigurationPlatforms) = preSolution
		Debug|Any CPU = Debug|Any CPU
		Release|Any CPU = Release|Any CPU
	EndGlobalSection
	GlobalSection(ProjectConfigurationPlatforms) = postSolution
		{6A88C61F-5F1B-420A-BA5D-DBC38F652743}.Debug|Any CPU.ActiveCfg = Debug|Any CPU
		{6A88C61F-5F1B-420A-BA5D-DBC38F652743}.Debug|Any CPU.Build.0 = Debug|Any CPU
		{6A88C61F-5F1B-420A-BA5D-DBC38F652743}.Release|Any CPU.ActiveCfg = Release|Any CPU
		{6A88C61F-5F1B-420A-BA5D-DBC38F652743}.Release|Any CPU.Build.0 = Release|Any CPU
	EndGlobalSection
	GlobalSection(SolutionProperties) = preSolution
		HideSolutionNode = FALSE
	EndGlobalSection
	GlobalSection(ExtensibilityGlobals) = postSolution
		SolutionGuid = {81FF5EFA-648B-445F-8DD2-9E9735F381DE}
	EndGlobalSection
EndGlobal
